
Microsoft Visual Studio Solution File, Format Version 12.00
# Visual Studio Version 16
VisualStudioVersion = 16.0.29418.71
MinimumVisualStudioVersion = 10.0.40219.1
Project("{FAE04EC0-301F-11D3-BF4B-00C04F79EFBC}") = "practica7", "practica7\practica7.csproj", "{DCEC1CDB-414A-40A6-9C4C-B77511EFB4BE}"
EndProject
Global
	GlobalSection(SolutionConfigurationPlatforms) = preSolution
		Debug|Any CPU = Debug|Any CPU
		Release|Any CPU = Release|Any CPU
	EndGlobalSection
	GlobalSection(ProjectConfigurationPlatforms) = postSolution
		{DCEC1CDB-414A-40A6-9C4C-B77511EFB4BE}.Debug|Any CPU.ActiveCfg = Debug|Any CPU
		{DCEC1CDB-414A-40A6-9C4C-B77511EFB4BE}.Debug|Any CPU.Build.0 = Debug|Any CPU
		{DCEC1CDB-414A-40A6-9C4C-B77511EFB4BE}.Release|Any CPU.ActiveCfg = Release|Any CPU
		{DCEC1CDB-414A-40A6-9C4C-B77511EFB4BE}.Release|Any CPU.Build.0 = Release|Any CPU
	EndGlobalSection
	GlobalSection(SolutionProperties) = preSolution
		HideSolutionNode = FALSE
	EndGlobalSection
	GlobalSection(ExtensibilityGlobals) = postSolution
		SolutionGuid = {F5FFC98A-22B0-4198-817D-72AD2C6D1D5D}
	EndGlobalSection
EndGlobal
